
Microsoft Visual Studio Solution File, Format Version 12.00
# Visual Studio Version 17
VisualStudioVersion = 17.8.36129.11
MinimumVisualStudioVersion = 10.0.40219.1
Project("{FAE04EC0-301F-11D3-BF4B-00C04F79EFBC}") = "HW1_CharStory", "HW1_CharStory.csproj", "{705D0AF9-8984-4328-94C3-4392E1369766}"
EndProject
Global
	GlobalSection(SolutionConfigurationPlatforms) = preSolution
		Debug|Any CPU = Debug|Any CPU
		Release|Any CPU = Release|Any CPU
	EndGlobalSection
	GlobalSection(ProjectConfigurationPlatforms) = postSolution
		{705D0AF9-8984-4328-94C3-4392E1369766}.Debug|Any CPU.ActiveCfg = Debug|Any CPU
		{705D0AF9-8984-4328-94C3-4392E1369766}.Debug|Any CPU.Build.0 = Debug|Any CPU
		{705D0AF9-8984-4328-94C3-4392E1369766}.Release|Any CPU.ActiveCfg = Release|Any CPU
		{705D0AF9-8984-4328-94C3-4392E1369766}.Release|Any CPU.Build.0 = Release|Any CPU
	EndGlobalSection
	GlobalSection(SolutionProperties) = preSolution
		HideSolutionNode = FALSE
	EndGlobalSection
	GlobalSection(ExtensibilityGlobals) = postSolution
		SolutionGuid = {6AFA324C-A5F1-4207-B045-D2B0A8590291}
	EndGlobalSection
EndGlobal
